
Microsoft Visual Studio Solution File, Format Version 12.00
# Visual Studio Version 17
VisualStudioVersion = 17.0.32126.317
MinimumVisualStudioVersion = 10.0.40219.1
Project("{FAE04EC0-301F-11D3-BF4B-00C04F79EFBC}") = "DotScrapper", "DotScrapper\DotScrapper.csproj", "{61F82FA7-E6DC-4766-9359-1FAB2CF07A8A}"
EndProject
Global
	GlobalSection(SolutionConfigurationPlatforms) = preSolution
		Debug|Any CPU = Debug|Any CPU
		Release|Any CPU = Release|Any CPU
	EndGlobalSection
	GlobalSection(ProjectConfigurationPlatforms) = postSolution
		{61F82FA7-E6DC-4766-9359-1FAB2CF07A8A}.Debug|Any CPU.ActiveCfg = Debug|Any CPU
		{61F82FA7-E6DC-4766-9359-1FAB2CF07A8A}.Debug|Any CPU.Build.0 = Debug|Any CPU
		{61F82FA7-E6DC-4766-9359-1FAB2CF07A8A}.Release|Any CPU.ActiveCfg = Release|Any CPU
		{61F82FA7-E6DC-4766-9359-1FAB2CF07A8A}.Release|Any CPU.Build.0 = Release|Any CPU
	EndGlobalSection
	GlobalSection(SolutionProperties) = preSolution
		HideSolutionNode = FALSE
	EndGlobalSection
	GlobalSection(ExtensibilityGlobals) = postSolution
		SolutionGuid = {B78F05B0-E30E-44DE-ABE4-7B8312895484}
	EndGlobalSection
EndGlobal
